
Microsoft Visual Studio Solution File, Format Version 12.00
# Visual Studio 15
VisualStudioVersion = 15.0.27428.2015
MinimumVisualStudioVersion = 10.0.40219.1
Project("{FAE04EC0-301F-11D3-BF4B-00C04F79EFBC}") = "tictactoe", "tictactoe\tictactoe.csproj", "{3361682A-683E-48C5-AEC6-BF19F7936923}"
EndProject
Global
	GlobalSection(SolutionConfigurationPlatforms) = preSolution
		Debug|Any CPU = Debug|Any CPU
		Release|Any CPU = Release|Any CPU
	EndGlobalSection
	GlobalSection(ProjectConfigurationPlatforms) = postSolution
		{3361682A-683E-48C5-AEC6-BF19F7936923}.Debug|Any CPU.ActiveCfg = Debug|Any CPU
		{3361682A-683E-48C5-AEC6-BF19F7936923}.Debug|Any CPU.Build.0 = Debug|Any CPU
		{3361682A-683E-48C5-AEC6-BF19F7936923}.Release|Any CPU.ActiveCfg = Release|Any CPU
		{3361682A-683E-48C5-AEC6-BF19F7936923}.Release|Any CPU.Build.0 = Release|Any CPU
	EndGlobalSection
	GlobalSection(SolutionProperties) = preSolution
		HideSolutionNode = FALSE
	EndGlobalSection
	GlobalSection(ExtensibilityGlobals) = postSolution
		SolutionGuid = {449CB41D-702D-4F66-9526-A0F15C36B9D4}
	EndGlobalSection
EndGlobal
